
Microsoft Visual Studio Solution File, Format Version 12.00
# Visual Studio Version 16
VisualStudioVersion = 16.0.30002.166
MinimumVisualStudioVersion = 10.0.40219.1
Project("{FAE04EC0-301F-11D3-BF4B-00C04F79EFBC}") = "LAB_10_Movie_List", "LAB_10_Movie_List\LAB_10_Movie_List.csproj", "{55421F36-43F6-4CF5-8DD0-5B56B9CEF563}"
EndProject
Global
	GlobalSection(SolutionConfigurationPlatforms) = preSolution
		Debug|Any CPU = Debug|Any CPU
		Release|Any CPU = Release|Any CPU
	EndGlobalSection
	GlobalSection(ProjectConfigurationPlatforms) = postSolution
		{55421F36-43F6-4CF5-8DD0-5B56B9CEF563}.Debug|Any CPU.ActiveCfg = Debug|Any CPU
		{55421F36-43F6-4CF5-8DD0-5B56B9CEF563}.Debug|Any CPU.Build.0 = Debug|Any CPU
		{55421F36-43F6-4CF5-8DD0-5B56B9CEF563}.Release|Any CPU.ActiveCfg = Release|Any CPU
		{55421F36-43F6-4CF5-8DD0-5B56B9CEF563}.Release|Any CPU.Build.0 = Release|Any CPU
	EndGlobalSection
	GlobalSection(SolutionProperties) = preSolution
		HideSolutionNode = FALSE
	EndGlobalSection
	GlobalSection(ExtensibilityGlobals) = postSolution
		SolutionGuid = {1D0192BF-896E-4E40-BB68-097D641F3F9E}
	EndGlobalSection
EndGlobal
